
Microsoft Visual Studio Solution File, Format Version 12.00
# Visual Studio Version 16
VisualStudioVersion = 16.0.32510.428
MinimumVisualStudioVersion = 10.0.40219.1
Project("{9A19103F-16F7-4668-BE54-9A1E7A4F7556}") = "RRHH_Flores_Mil", "RRHH_Flores_Mil\RRHH_Flores_Mil.csproj", "{618C7415-E36D-47E9-936A-FC491FFC39B8}"
EndProject
Project("{FAE04EC0-301F-11D3-BF4B-00C04F79EFBC}") = "RRHH_FloresMil_Test", "RRHH_FloresMil_Test\RRHH_FloresMil_Test.csproj", "{95EEBF02-4CD3-4BAE-B60D-02A9A923C52B}"
EndProject
Global
	GlobalSection(SolutionConfigurationPlatforms) = preSolution
		Debug|Any CPU = Debug|Any CPU
		Release|Any CPU = Release|Any CPU
	EndGlobalSection
	GlobalSection(ProjectConfigurationPlatforms) = postSolution
		{618C7415-E36D-47E9-936A-FC491FFC39B8}.Debug|Any CPU.ActiveCfg = Debug|Any CPU
		{618C7415-E36D-47E9-936A-FC491FFC39B8}.Debug|Any CPU.Build.0 = Debug|Any CPU
		{618C7415-E36D-47E9-936A-FC491FFC39B8}.Release|Any CPU.ActiveCfg = Release|Any CPU
		{618C7415-E36D-47E9-936A-FC491FFC39B8}.Release|Any CPU.Build.0 = Release|Any CPU
		{95EEBF02-4CD3-4BAE-B60D-02A9A923C52B}.Debug|Any CPU.ActiveCfg = Debug|Any CPU
		{95EEBF02-4CD3-4BAE-B60D-02A9A923C52B}.Debug|Any CPU.Build.0 = Debug|Any CPU
		{95EEBF02-4CD3-4BAE-B60D-02A9A923C52B}.Release|Any CPU.ActiveCfg = Release|Any CPU
		{95EEBF02-4CD3-4BAE-B60D-02A9A923C52B}.Release|Any CPU.Build.0 = Release|Any CPU
	EndGlobalSection
	GlobalSection(SolutionProperties) = preSolution
		HideSolutionNode = FALSE
	EndGlobalSection
	GlobalSection(ExtensibilityGlobals) = postSolution
		SolutionGuid = {82460C21-E671-43B5-A978-D3046F154069}
	EndGlobalSection
EndGlobal
